// !$*UTF8*$!
{
	archiveVersion = 1;
	classes = {
	};
	objectVersion = 50;
	objects = {

/* Begin PBXBuildFile section */
		4BBDCE16D61CFD1E712A0138 /* Pods_Cirk.framework in Frameworks */ = {isa = PBXBuildFile; fileRef = 7B89D490481831D4899B93B0 /* Pods_Cirk.framework */; };
		A90335CA21F07B56002B1450 /* text.json in Resources */ = {isa = PBXBuildFile; fileRef = A90335C921F07B56002B1450 /* text.json */; };
		A932AEDF2195D2E000D4D3DC /* ballbearingLoop.mp3 in Resources */ = {isa = PBXBuildFile; fileRef = A932AEDC2195D2DF00D4D3DC /* ballbearingLoop.mp3 */; };
		A932AEE62195F2ED00D4D3DC /* punch.mp3 in Resources */ = {isa = PBXBuildFile; fileRef = A932AEE22195F2ED00D4D3DC /* punch.mp3 */; };
		A932AEE72195F2ED00D4D3DC /* shwoosh.mp3 in Resources */ = {isa = PBXBuildFile; fileRef = A932AEE32195F2ED00D4D3DC /* shwoosh.mp3 */; };
		A932AEE82195F2ED00D4D3DC /* bambooWhoosh.mp3 in Resources */ = {isa = PBXBuildFile; fileRef = A932AEE42195F2ED00D4D3DC /* bambooWhoosh.mp3 */; };
		A932AEEE2196032500D4D3DC /* electronicRunning.mp3 in Resources */ = {isa = PBXBuildFile; fileRef = A932AEED2196032500D4D3DC /* electronicRunning.mp3 */; };
		A932AEF5219638D900D4D3DC /* beepLong.mp3 in Resources */ = {isa = PBXBuildFile; fileRef = A932AEF3219638D900D4D3DC /* beepLong.mp3 */; };
		A932AEF6219638D900D4D3DC /* beepShort.mp3 in Resources */ = {isa = PBXBuildFile; fileRef = A932AEF4219638D900D4D3DC /* beepShort.mp3 */; };
		A942285C220310290026A11E /* MaitreDExtension.swift in Sources */ = {isa = PBXBuildFile; fileRef = A942285B220310290026A11E /* MaitreDExtension.swift */; };
		A942287322070EFC0026A11E /* GameRestaurantTable.swift in Sources */ = {isa = PBXBuildFile; fileRef = A942286F22070EFC0026A11E /* GameRestaurantTable.swift */; };
		A942287422070EFC0026A11E /* IntroRestaurantTable.swift in Sources */ = {isa = PBXBuildFile; fileRef = A942287022070EFC0026A11E /* IntroRestaurantTable.swift */; };
		A942287522070EFC0026A11E /* LanguageRestaurantTable.swift in Sources */ = {isa = PBXBuildFile; fileRef = A942287122070EFC0026A11E /* LanguageRestaurantTable.swift */; };
		A942287622070EFC0026A11E /* LevelsRestaurantTable.swift in Sources */ = {isa = PBXBuildFile; fileRef = A942287222070EFC0026A11E /* LevelsRestaurantTable.swift */; };
		A9422881220713FE0026A11E /* Cells.swift in Sources */ = {isa = PBXBuildFile; fileRef = A9422878220713FE0026A11E /* Cells.swift */; };
		A9422882220713FE0026A11E /* Customer.swift in Sources */ = {isa = PBXBuildFile; fileRef = A9422879220713FE0026A11E /* Customer.swift */; };
		A9422883220713FE0026A11E /* PageCustomer.swift in Sources */ = {isa = PBXBuildFile; fileRef = A942287A220713FE0026A11E /* PageCustomer.swift */; };
		A9422884220713FE0026A11E /* RestaurantTable.swift in Sources */ = {isa = PBXBuildFile; fileRef = A942287B220713FE0026A11E /* RestaurantTable.swift */; };
		A9422890220714A30026A11E /* Larder.swift in Sources */ = {isa = PBXBuildFile; fileRef = A9422889220714A30026A11E /* Larder.swift */; };
		A9422891220714A30026A11E /* Freezer.swift in Sources */ = {isa = PBXBuildFile; fileRef = A942288A220714A30026A11E /* Freezer.swift */; };
		A9422892220714A30026A11E /* SousChef.swift in Sources */ = {isa = PBXBuildFile; fileRef = A942288B220714A30026A11E /* SousChef.swift */; };
		A9422893220714A30026A11E /* HeadChef.swift in Sources */ = {isa = PBXBuildFile; fileRef = A942288C220714A30026A11E /* HeadChef.swift */; };
		A9422894220714A30026A11E /* FoodDelivery.swift in Sources */ = {isa = PBXBuildFile; fileRef = A942288D220714A30026A11E /* FoodDelivery.swift */; };
		A9422895220714A30026A11E /* Ingredient.swift in Sources */ = {isa = PBXBuildFile; fileRef = A942288E220714A30026A11E /* Ingredient.swift */; };
		A9422896220714A30026A11E /* Images.swift in Sources */ = {isa = PBXBuildFile; fileRef = A942288F220714A30026A11E /* Images.swift */; };
		A94228A7220714AE0026A11E /* StaffRelationship.swift in Sources */ = {isa = PBXBuildFile; fileRef = A9422898220714AE0026A11E /* StaffRelationship.swift */; };
		A94228A8220714AE0026A11E /* FreezerSections.swift in Sources */ = {isa = PBXBuildFile; fileRef = A9422899220714AE0026A11E /* FreezerSections.swift */; };
		A94228A9220714AE0026A11E /* Orders.swift in Sources */ = {isa = PBXBuildFile; fileRef = A942289A220714AE0026A11E /* Orders.swift */; };
		A94228AA220714AE0026A11E /* RawIngredients.swift in Sources */ = {isa = PBXBuildFile; fileRef = A942289B220714AE0026A11E /* RawIngredients.swift */; };
		A94228AB220714AE0026A11E /* InternalRelationship.swift in Sources */ = {isa = PBXBuildFile; fileRef = A942289C220714AE0026A11E /* InternalRelationship.swift */; };
		A94228AC220714AE0026A11E /* Constraints.swift in Sources */ = {isa = PBXBuildFile; fileRef = A942289E220714AE0026A11E /* Constraints.swift */; };
		A94228AD220714AE0026A11E /* Rota.swift in Sources */ = {isa = PBXBuildFile; fileRef = A942289F220714AE0026A11E /* Rota.swift */; };
		A94228AE220714AE0026A11E /* Consts.swift in Sources */ = {isa = PBXBuildFile; fileRef = A94228A0220714AE0026A11E /* Consts.swift */; };
		A94228AF220714AE0026A11E /* Log.swift in Sources */ = {isa = PBXBuildFile; fileRef = A94228A1220714AE0026A11E /* Log.swift */; };
		A94228B0220714AE0026A11E /* StringUtils.swift in Sources */ = {isa = PBXBuildFile; fileRef = A94228A2220714AE0026A11E /* StringUtils.swift */; };
		A94228B1220714AE0026A11E /* Time.swift in Sources */ = {isa = PBXBuildFile; fileRef = A94228A3220714AE0026A11E /* Time.swift */; };
		A94228B2220714AE0026A11E /* Extensions.swift in Sources */ = {isa = PBXBuildFile; fileRef = A94228A4220714AE0026A11E /* Extensions.swift */; };
		A94228B3220714AE0026A11E /* Protocols.swift in Sources */ = {isa = PBXBuildFile; fileRef = A94228A5220714AE0026A11E /* Protocols.swift */; };
		A94228B4220714AE0026A11E /* Typealiases.swift in Sources */ = {isa = PBXBuildFile; fileRef = A94228A6220714AE0026A11E /* Typealiases.swift */; };
		A94228C322071F940026A11E /* Sommelier.swift in Sources */ = {isa = PBXBuildFile; fileRef = A94228BF22071F940026A11E /* Sommelier.swift */; };
		A94228C422071F940026A11E /* GeneralWaiter.swift in Sources */ = {isa = PBXBuildFile; fileRef = A94228C022071F940026A11E /* GeneralWaiter.swift */; };
		A94228C522071F940026A11E /* Waiter.swift in Sources */ = {isa = PBXBuildFile; fileRef = A94228C122071F940026A11E /* Waiter.swift */; };
		A94228C622071F940026A11E /* MaitreD.swift in Sources */ = {isa = PBXBuildFile; fileRef = A94228C222071F940026A11E /* MaitreD.swift */; };
		A971CDD2215393EF00F4BB29 /* AppDelegate.swift in Sources */ = {isa = PBXBuildFile; fileRef = A971CDD1215393EF00F4BB29 /* AppDelegate.swift */; };
		A971CDE7215393F100F4BB29 /* CirkTests.swift in Sources */ = {isa = PBXBuildFile; fileRef = A971CDE6215393F100F4BB29 /* CirkTests.swift */; };
		A9776D992153962A00693C99 /* CirkConsts.swift in Sources */ = {isa = PBXBuildFile; fileRef = A9776D7C2153962A00693C99 /* CirkConsts.swift */; };
		A9776D9B2153962A00693C99 /* LevelEntrees.swift in Sources */ = {isa = PBXBuildFile; fileRef = A9776D7E2153962A00693C99 /* LevelEntrees.swift */; };
		A9776D9D2153962A00693C99 /* CircleRenderer.swift in Sources */ = {isa = PBXBuildFile; fileRef = A9776D802153962A00693C99 /* CircleRenderer.swift */; };
		A9776DA82153962A00693C99 /* erasdust.ttf in Resources */ = {isa = PBXBuildFile; fileRef = A9776D8D2153962A00693C99 /* erasdust.ttf */; };
		A9776DA92153962A00693C99 /* CirkData.xcdatamodeld in Sources */ = {isa = PBXBuildFile; fileRef = A9776D8E2153962A00693C99 /* CirkData.xcdatamodeld */; };
		A9776DD12153B63C00693C99 /* GameWaiter.swift in Sources */ = {isa = PBXBuildFile; fileRef = A9776DC82153B63C00693C99 /* GameWaiter.swift */; };
		A9776DD22153B63C00693C99 /* LevelsWaiter.swift in Sources */ = {isa = PBXBuildFile; fileRef = A9776DC92153B63C00693C99 /* LevelsWaiter.swift */; };
		A9776DDF2153E3F700693C99 /* LevelsCustomerItem.swift in Sources */ = {isa = PBXBuildFile; fileRef = A9776DD92153E3F700693C99 /* LevelsCustomerItem.swift */; };
		A9776DE02153E3F700693C99 /* GameCustomer.swift in Sources */ = {isa = PBXBuildFile; fileRef = A9776DDA2153E3F700693C99 /* GameCustomer.swift */; };
		A9776DE32153E3F700693C99 /* IntroCustomer.swift in Sources */ = {isa = PBXBuildFile; fileRef = A9776DDD2153E3F700693C99 /* IntroCustomer.swift */; };
		A9776DE42153E3F700693C99 /* LevelsCustomer.swift in Sources */ = {isa = PBXBuildFile; fileRef = A9776DDE2153E3F700693C99 /* LevelsCustomer.swift */; };
		A98795CF219CC2920041CA40 /* tickTock.mp3 in Resources */ = {isa = PBXBuildFile; fileRef = A98795CE219CC2920041CA40 /* tickTock.mp3 */; };
		A9B011F721A467BA008212C7 /* Assets.xcassets in Resources */ = {isa = PBXBuildFile; fileRef = A9B011F621A467BA008212C7 /* Assets.xcassets */; };
		A9B011F921A58AC2008212C7 /* LanguageCustomerItem.swift in Sources */ = {isa = PBXBuildFile; fileRef = A9B011F821A58AC2008212C7 /* LanguageCustomerItem.swift */; };
		A9B011FB21A58BB1008212C7 /* LanguageEntrees.swift in Sources */ = {isa = PBXBuildFile; fileRef = A9B011FA21A58BB1008212C7 /* LanguageEntrees.swift */; };
		A9B011FF21A58D0A008212C7 /* LanguageCustomer.swift in Sources */ = {isa = PBXBuildFile; fileRef = A9B011FE21A58D0A008212C7 /* LanguageCustomer.swift */; };
		A9B0120321A59019008212C7 /* LanguageWaiter.swift in Sources */ = {isa = PBXBuildFile; fileRef = A9B0120221A59019008212C7 /* LanguageWaiter.swift */; };
		A9CCBCE4217E1E19009F04DC /* CirkTypealiases.swift in Sources */ = {isa = PBXBuildFile; fileRef = A9CCBCE3217E1E19009F04DC /* CirkTypealiases.swift */; };
		A9D5AEAE21A6B97F006EF751 /* LaunchScreen.storyboard in Resources */ = {isa = PBXBuildFile; fileRef = A9D5AEAA21A6B97F006EF751 /* LaunchScreen.storyboard */; };
		A9D5AEAF21A6B97F006EF751 /* Main.storyboard in Resources */ = {isa = PBXBuildFile; fileRef = A9D5AEAC21A6B97F006EF751 /* Main.storyboard */; };
		A9D5AEB721A6B994006EF751 /* LevelsCell.xib in Resources */ = {isa = PBXBuildFile; fileRef = A9D5AEB121A6B994006EF751 /* LevelsCell.xib */; };
		A9D5AEB821A6B994006EF751 /* LanguageCell.xib in Resources */ = {isa = PBXBuildFile; fileRef = A9D5AEB221A6B994006EF751 /* LanguageCell.xib */; };
		A9D5AEB921A6B994006EF751 /* settings.json in Resources */ = {isa = PBXBuildFile; fileRef = A9D5AEB421A6B994006EF751 /* settings.json */; };
		A9D5AEBB21A6B994006EF751 /* levels.json in Resources */ = {isa = PBXBuildFile; fileRef = A9D5AEB621A6B994006EF751 /* levels.json */; };
		A9D5AEC021A70542006EF751 /* LevelsHeadChef.swift in Sources */ = {isa = PBXBuildFile; fileRef = A9D5AEBD21A70542006EF751 /* LevelsHeadChef.swift */; };
		A9D5AEC121A70542006EF751 /* GameHeadChef.swift in Sources */ = {isa = PBXBuildFile; fileRef = A9D5AEBE21A70542006EF751 /* GameHeadChef.swift */; };
		A9D5AEC221A70542006EF751 /* CirkSousChef.swift in Sources */ = {isa = PBXBuildFile; fileRef = A9D5AEBF21A70542006EF751 /* CirkSousChef.swift */; };
		A9FBBF8721EF9BD0005BA6D4 /* BallbearingPlayer.swift in Sources */ = {isa = PBXBuildFile; fileRef = A9FBBF8621EF9BD0005BA6D4 /* BallbearingPlayer.swift */; };
/* End PBXBuildFile section */

/* Begin PBXContainerItemProxy section */
		A971CDE3215393F100F4BB29 /* PBXContainerItemProxy */ = {
			isa = PBXContainerItemProxy;
			containerPortal = A971CDC6215393EF00F4BB29 /* Project object */;
			proxyType = 1;
			remoteGlobalIDString = A971CDCD215393EF00F4BB29;
			remoteInfo = Cirk;
		};
/* End PBXContainerItemProxy section */

/* Begin PBXFileReference section */
		0D59B7CB221A59AF1A61E92E /* Pods-Cirk.debug.xcconfig */ = {isa = PBXFileReference; includeInIndex = 1; lastKnownFileType = text.xcconfig; name = "Pods-Cirk.debug.xcconfig"; path = "Target Support Files/Pods-Cirk/Pods-Cirk.debug.xcconfig"; sourceTree = "<group>"; };
		7B89D490481831D4899B93B0 /* Pods_Cirk.framework */ = {isa = PBXFileReference; explicitFileType = wrapper.framework; includeInIndex = 0; path = Pods_Cirk.framework; sourceTree = BUILT_PRODUCTS_DIR; };
		A90335C921F07B56002B1450 /* text.json */ = {isa = PBXFileReference; fileEncoding = 4; lastKnownFileType = text.json; path = text.json; sourceTree = "<group>"; };
		A932AEDC2195D2DF00D4D3DC /* ballbearingLoop.mp3 */ = {isa = PBXFileReference; lastKnownFileType = audio.mp3; path = ballbearingLoop.mp3; sourceTree = "<group>"; };
		A932AEE22195F2ED00D4D3DC /* punch.mp3 */ = {isa = PBXFileReference; lastKnownFileType = audio.mp3; path = punch.mp3; sourceTree = "<group>"; };
		A932AEE32195F2ED00D4D3DC /* shwoosh.mp3 */ = {isa = PBXFileReference; lastKnownFileType = audio.mp3; path = shwoosh.mp3; sourceTree = "<group>"; };
		A932AEE42195F2ED00D4D3DC /* bambooWhoosh.mp3 */ = {isa = PBXFileReference; lastKnownFileType = audio.mp3; path = bambooWhoosh.mp3; sourceTree = "<group>"; };
		A932AEED2196032500D4D3DC /* electronicRunning.mp3 */ = {isa = PBXFileReference; lastKnownFileType = audio.mp3; path = electronicRunning.mp3; sourceTree = "<group>"; };
		A932AEF3219638D900D4D3DC /* beepLong.mp3 */ = {isa = PBXFileReference; lastKnownFileType = audio.mp3; path = beepLong.mp3; sourceTree = "<group>"; };
		A932AEF4219638D900D4D3DC /* beepShort.mp3 */ = {isa = PBXFileReference; lastKnownFileType = audio.mp3; path = beepShort.mp3; sourceTree = "<group>"; };
		A942285B220310290026A11E /* MaitreDExtension.swift */ = {isa = PBXFileReference; fileEncoding = 4; lastKnownFileType = sourcecode.swift; path = MaitreDExtension.swift; sourceTree = "<group>"; };
		A942286F22070EFC0026A11E /* GameRestaurantTable.swift */ = {isa = PBXFileReference; fileEncoding = 4; lastKnownFileType = sourcecode.swift; path = GameRestaurantTable.swift; sourceTree = "<group>"; };
		A942287022070EFC0026A11E /* IntroRestaurantTable.swift */ = {isa = PBXFileReference; fileEncoding = 4; lastKnownFileType = sourcecode.swift; path = IntroRestaurantTable.swift; sourceTree = "<group>"; };
		A942287122070EFC0026A11E /* LanguageRestaurantTable.swift */ = {isa = PBXFileReference; fileEncoding = 4; lastKnownFileType = sourcecode.swift; path = LanguageRestaurantTable.swift; sourceTree = "<group>"; };
		A942287222070EFC0026A11E /* LevelsRestaurantTable.swift */ = {isa = PBXFileReference; fileEncoding = 4; lastKnownFileType = sourcecode.swift; path = LevelsRestaurantTable.swift; sourceTree = "<group>"; };
		A9422878220713FE0026A11E /* Cells.swift */ = {isa = PBXFileReference; fileEncoding = 4; lastKnownFileType = sourcecode.swift; path = Cells.swift; sourceTree = "<group>"; };
		A9422879220713FE0026A11E /* Customer.swift */ = {isa = PBXFileReference; fileEncoding = 4; lastKnownFileType = sourcecode.swift; path = Customer.swift; sourceTree = "<group>"; };
		A942287A220713FE0026A11E /* PageCustomer.swift */ = {isa = PBXFileReference; fileEncoding = 4; lastKnownFileType = sourcecode.swift; path = PageCustomer.swift; sourceTree = "<group>"; };
		A942287B220713FE0026A11E /* RestaurantTable.swift */ = {isa = PBXFileReference; fileEncoding = 4; lastKnownFileType = sourcecode.swift; path = RestaurantTable.swift; sourceTree = "<group>"; };
		A9422889220714A30026A11E /* Larder.swift */ = {isa = PBXFileReference; fileEncoding = 4; lastKnownFileType = sourcecode.swift; path = Larder.swift; sourceTree = "<group>"; };
		A942288A220714A30026A11E /* Freezer.swift */ = {isa = PBXFileReference; fileEncoding = 4; lastKnownFileType = sourcecode.swift; path = Freezer.swift; sourceTree = "<group>"; };
		A942288B220714A30026A11E /* SousChef.swift */ = {isa = PBXFileReference; fileEncoding = 4; lastKnownFileType = sourcecode.swift; path = SousChef.swift; sourceTree = "<group>"; };
		A942288C220714A30026A11E /* HeadChef.swift */ = {isa = PBXFileReference; fileEncoding = 4; lastKnownFileType = sourcecode.swift; path = HeadChef.swift; sourceTree = "<group>"; };
		A942288D220714A30026A11E /* FoodDelivery.swift */ = {isa = PBXFileReference; fileEncoding = 4; lastKnownFileType = sourcecode.swift; path = FoodDelivery.swift; sourceTree = "<group>"; };
		A942288E220714A30026A11E /* Ingredient.swift */ = {isa = PBXFileReference; fileEncoding = 4; lastKnownFileType = sourcecode.swift; path = Ingredient.swift; sourceTree = "<group>"; };
		A942288F220714A30026A11E /* Images.swift */ = {isa = PBXFileReference; fileEncoding = 4; lastKnownFileType = sourcecode.swift; path = Images.swift; sourceTree = "<group>"; };
		A9422898220714AE0026A11E /* StaffRelationship.swift */ = {isa = PBXFileReference; fileEncoding = 4; lastKnownFileType = sourcecode.swift; path = StaffRelationship.swift; sourceTree = "<group>"; };
		A9422899220714AE0026A11E /* FreezerSections.swift */ = {isa = PBXFileReference; fileEncoding = 4; lastKnownFileType = sourcecode.swift; path = FreezerSections.swift; sourceTree = "<group>"; };
		A942289A220714AE0026A11E /* Orders.swift */ = {isa = PBXFileReference; fileEncoding = 4; lastKnownFileType = sourcecode.swift; path = Orders.swift; sourceTree = "<group>"; };
		A942289B220714AE0026A11E /* RawIngredients.swift */ = {isa = PBXFileReference; fileEncoding = 4; lastKnownFileType = sourcecode.swift; path = RawIngredients.swift; sourceTree = "<group>"; };
		A942289C220714AE0026A11E /* InternalRelationship.swift */ = {isa = PBXFileReference; fileEncoding = 4; lastKnownFileType = sourcecode.swift; path = InternalRelationship.swift; sourceTree = "<group>"; };
		A942289E220714AE0026A11E /* Constraints.swift */ = {isa = PBXFileReference; fileEncoding = 4; lastKnownFileType = sourcecode.swift; path = Constraints.swift; sourceTree = "<group>"; };
		A942289F220714AE0026A11E /* Rota.swift */ = {isa = PBXFileReference; fileEncoding = 4; lastKnownFileType = sourcecode.swift; path = Rota.swift; sourceTree = "<group>"; };
		A94228A0220714AE0026A11E /* Consts.swift */ = {isa = PBXFileReference; fileEncoding = 4; lastKnownFileType = sourcecode.swift; path = Consts.swift; sourceTree = "<group>"; };
		A94228A1220714AE0026A11E /* Log.swift */ = {isa = PBXFileReference; fileEncoding = 4; lastKnownFileType = sourcecode.swift; path = Log.swift; sourceTree = "<group>"; };
		A94228A2220714AE0026A11E /* StringUtils.swift */ = {isa = PBXFileReference; fileEncoding = 4; lastKnownFileType = sourcecode.swift; path = StringUtils.swift; sourceTree = "<group>"; };
		A94228A3220714AE0026A11E /* Time.swift */ = {isa = PBXFileReference; fileEncoding = 4; lastKnownFileType = sourcecode.swift; path = Time.swift; sourceTree = "<group>"; };
		A94228A4220714AE0026A11E /* Extensions.swift */ = {isa = PBXFileReference; fileEncoding = 4; lastKnownFileType = sourcecode.swift; path = Extensions.swift; sourceTree = "<group>"; };
		A94228A5220714AE0026A11E /* Protocols.swift */ = {isa = PBXFileReference; fileEncoding = 4; lastKnownFileType = sourcecode.swift; path = Protocols.swift; sourceTree = "<group>"; };
		A94228A6220714AE0026A11E /* Typealiases.swift */ = {isa = PBXFileReference; fileEncoding = 4; lastKnownFileType = sourcecode.swift; path = Typealiases.swift; sourceTree = "<group>"; };
		A94228BF22071F940026A11E /* Sommelier.swift */ = {isa = PBXFileReference; fileEncoding = 4; lastKnownFileType = sourcecode.swift; path = Sommelier.swift; sourceTree = "<group>"; };
		A94228C022071F940026A11E /* GeneralWaiter.swift */ = {isa = PBXFileReference; fileEncoding = 4; lastKnownFileType = sourcecode.swift; path = GeneralWaiter.swift; sourceTree = "<group>"; };
		A94228C122071F940026A11E /* Waiter.swift */ = {isa = PBXFileReference; fileEncoding = 4; lastKnownFileType = sourcecode.swift; path = Waiter.swift; sourceTree = "<group>"; };
		A94228C222071F940026A11E /* MaitreD.swift */ = {isa = PBXFileReference; fileEncoding = 4; lastKnownFileType = sourcecode.swift; path = MaitreD.swift; sourceTree = "<group>"; };
		A971CDCE215393EF00F4BB29 /* Cirk.app */ = {isa = PBXFileReference; explicitFileType = wrapper.application; includeInIndex = 0; path = Cirk.app; sourceTree = BUILT_PRODUCTS_DIR; };
		A971CDD1215393EF00F4BB29 /* AppDelegate.swift */ = {isa = PBXFileReference; lastKnownFileType = sourcecode.swift; path = AppDelegate.swift; sourceTree = "<group>"; };
		A971CDDD215393F100F4BB29 /* Info.plist */ = {isa = PBXFileReference; lastKnownFileType = text.plist.xml; path = Info.plist; sourceTree = "<group>"; };
		A971CDE2215393F100F4BB29 /* CirkTests.xctest */ = {isa = PBXFileReference; explicitFileType = wrapper.cfbundle; includeInIndex = 0; path = CirkTests.xctest; sourceTree = BUILT_PRODUCTS_DIR; };
		A971CDE6215393F100F4BB29 /* CirkTests.swift */ = {isa = PBXFileReference; lastKnownFileType = sourcecode.swift; path = CirkTests.swift; sourceTree = "<group>"; };
		A971CDE8215393F100F4BB29 /* Info.plist */ = {isa = PBXFileReference; lastKnownFileType = text.plist.xml; path = Info.plist; sourceTree = "<group>"; };
		A9776D7C2153962A00693C99 /* CirkConsts.swift */ = {isa = PBXFileReference; fileEncoding = 4; lastKnownFileType = sourcecode.swift; path = CirkConsts.swift; sourceTree = "<group>"; };
		A9776D7E2153962A00693C99 /* LevelEntrees.swift */ = {isa = PBXFileReference; fileEncoding = 4; lastKnownFileType = sourcecode.swift; path = LevelEntrees.swift; sourceTree = "<group>"; };
		A9776D802153962A00693C99 /* CircleRenderer.swift */ = {isa = PBXFileReference; fileEncoding = 4; lastKnownFileType = sourcecode.swift; path = CircleRenderer.swift; sourceTree = "<group>"; };
		A9776D8D2153962A00693C99 /* erasdust.ttf */ = {isa = PBXFileReference; lastKnownFileType = file; path = erasdust.ttf; sourceTree = "<group>"; };
		A9776D8F2153962A00693C99 /* CirkData.xcdatamodel */ = {isa = PBXFileReference; lastKnownFileType = wrapper.xcdatamodel; path = CirkData.xcdatamodel; sourceTree = "<group>"; };
		A9776DC82153B63C00693C99 /* GameWaiter.swift */ = {isa = PBXFileReference; fileEncoding = 4; lastKnownFileType = sourcecode.swift; path = GameWaiter.swift; sourceTree = "<group>"; };
		A9776DC92153B63C00693C99 /* LevelsWaiter.swift */ = {isa = PBXFileReference; fileEncoding = 4; lastKnownFileType = sourcecode.swift; path = LevelsWaiter.swift; sourceTree = "<group>"; };
		A9776DD92153E3F700693C99 /* LevelsCustomerItem.swift */ = {isa = PBXFileReference; fileEncoding = 4; lastKnownFileType = sourcecode.swift; path = LevelsCustomerItem.swift; sourceTree = "<group>"; };
		A9776DDA2153E3F700693C99 /* GameCustomer.swift */ = {isa = PBXFileReference; fileEncoding = 4; lastKnownFileType = sourcecode.swift; path = GameCustomer.swift; sourceTree = "<group>"; };
		A9776DDD2153E3F700693C99 /* IntroCustomer.swift */ = {isa = PBXFileReference; fileEncoding = 4; lastKnownFileType = sourcecode.swift; path = IntroCustomer.swift; sourceTree = "<group>"; };
		A9776DDE2153E3F700693C99 /* LevelsCustomer.swift */ = {isa = PBXFileReference; fileEncoding = 4; lastKnownFileType = sourcecode.swift; path = LevelsCustomer.swift; sourceTree = "<group>"; };
		A98795CE219CC2920041CA40 /* tickTock.mp3 */ = {isa = PBXFileReference; lastKnownFileType = audio.mp3; path = tickTock.mp3; sourceTree = "<group>"; };
		A9B011F621A467BA008212C7 /* Assets.xcassets */ = {isa = PBXFileReference; lastKnownFileType = folder.assetcatalog; path = Assets.xcassets; sourceTree = "<group>"; };
		A9B011F821A58AC2008212C7 /* LanguageCustomerItem.swift */ = {isa = PBXFileReference; lastKnownFileType = sourcecode.swift; path = LanguageCustomerItem.swift; sourceTree = "<group>"; };
		A9B011FA21A58BB1008212C7 /* LanguageEntrees.swift */ = {isa = PBXFileReference; lastKnownFileType = sourcecode.swift; path = LanguageEntrees.swift; sourceTree = "<group>"; };
		A9B011FE21A58D0A008212C7 /* LanguageCustomer.swift */ = {isa = PBXFileReference; lastKnownFileType = sourcecode.swift; path = LanguageCustomer.swift; sourceTree = "<group>"; };
		A9B0120221A59019008212C7 /* LanguageWaiter.swift */ = {isa = PBXFileReference; lastKnownFileType = sourcecode.swift; path = LanguageWaiter.swift; sourceTree = "<group>"; };
		A9CCBCE3217E1E19009F04DC /* CirkTypealiases.swift */ = {isa = PBXFileReference; lastKnownFileType = sourcecode.swift; path = CirkTypealiases.swift; sourceTree = "<group>"; };
		A9D5AEAB21A6B97F006EF751 /* Base */ = {isa = PBXFileReference; lastKnownFileType = file.storyboard; name = Base; path = Base.lproj/LaunchScreen.storyboard; sourceTree = "<group>"; };
		A9D5AEAD21A6B97F006EF751 /* Base */ = {isa = PBXFileReference; lastKnownFileType = file.storyboard; name = Base; path = Base.lproj/Main.storyboard; sourceTree = "<group>"; };
		A9D5AEB121A6B994006EF751 /* LevelsCell.xib */ = {isa = PBXFileReference; fileEncoding = 4; lastKnownFileType = file.xib; path = LevelsCell.xib; sourceTree = "<group>"; };
		A9D5AEB221A6B994006EF751 /* LanguageCell.xib */ = {isa = PBXFileReference; fileEncoding = 4; lastKnownFileType = file.xib; path = LanguageCell.xib; sourceTree = "<group>"; };
		A9D5AEB421A6B994006EF751 /* settings.json */ = {isa = PBXFileReference; fileEncoding = 4; lastKnownFileType = text.json; path = settings.json; sourceTree = "<group>"; };
		A9D5AEB621A6B994006EF751 /* levels.json */ = {isa = PBXFileReference; fileEncoding = 4; lastKnownFileType = text.json; path = levels.json; sourceTree = "<group>"; };
		A9D5AEBD21A70542006EF751 /* LevelsHeadChef.swift */ = {isa = PBXFileReference; fileEncoding = 4; lastKnownFileType = sourcecode.swift; path = LevelsHeadChef.swift; sourceTree = "<group>"; };
		A9D5AEBE21A70542006EF751 /* GameHeadChef.swift */ = {isa = PBXFileReference; fileEncoding = 4; lastKnownFileType = sourcecode.swift; path = GameHeadChef.swift; sourceTree = "<group>"; };
		A9D5AEBF21A70542006EF751 /* CirkSousChef.swift */ = {isa = PBXFileReference; fileEncoding = 4; lastKnownFileType = sourcecode.swift; path = CirkSousChef.swift; sourceTree = "<group>"; };
		A9FBBF8621EF9BD0005BA6D4 /* BallbearingPlayer.swift */ = {isa = PBXFileReference; fileEncoding = 4; lastKnownFileType = sourcecode.swift; path = BallbearingPlayer.swift; sourceTree = "<group>"; };
		C5168873EAB688564CC07E51 /* Pods-Cirk.release.xcconfig */ = {isa = PBXFileReference; includeInIndex = 1; lastKnownFileType = text.xcconfig; name = "Pods-Cirk.release.xcconfig"; path = "Target Support Files/Pods-Cirk/Pods-Cirk.release.xcconfig"; sourceTree = "<group>"; };
/* End PBXFileReference section */

/* Begin PBXFrameworksBuildPhase section */
		A971CDCB215393EF00F4BB29 /* Frameworks */ = {
			isa = PBXFrameworksBuildPhase;
			buildActionMask = 2147483647;
			files = (
				4BBDCE16D61CFD1E712A0138 /* Pods_Cirk.framework in Frameworks */,
			);
			runOnlyForDeploymentPostprocessing = 0;
		};
		A971CDDF215393F100F4BB29 /* Frameworks */ = {
			isa = PBXFrameworksBuildPhase;
			buildActionMask = 2147483647;
			files = (
			);
			runOnlyForDeploymentPostprocessing = 0;
		};
/* End PBXFrameworksBuildPhase section */

/* Begin PBXGroup section */
		611B68A2C9C6AD827C45DEA7 /* Pods */ = {
			isa = PBXGroup;
			children = (
				0D59B7CB221A59AF1A61E92E /* Pods-Cirk.debug.xcconfig */,
				C5168873EAB688564CC07E51 /* Pods-Cirk.release.xcconfig */,
			);
			path = Pods;
			sourceTree = "<group>";
		};
		8C727604736A10F2C2AD0642 /* Frameworks */ = {
			isa = PBXGroup;
			children = (
				7B89D490481831D4899B93B0 /* Pods_Cirk.framework */,
			);
			name = Frameworks;
			sourceTree = "<group>";
		};
		A932AEDA2195D2DF00D4D3DC /* Sounds */ = {
			isa = PBXGroup;
			children = (
				A932AEF3219638D900D4D3DC /* beepLong.mp3 */,
				A932AEF4219638D900D4D3DC /* beepShort.mp3 */,
				A932AEDC2195D2DF00D4D3DC /* ballbearingLoop.mp3 */,
				A932AEE42195F2ED00D4D3DC /* bambooWhoosh.mp3 */,
				A932AEED2196032500D4D3DC /* electronicRunning.mp3 */,
				A932AEE22195F2ED00D4D3DC /* punch.mp3 */,
				A932AEE32195F2ED00D4D3DC /* shwoosh.mp3 */,
				A98795CE219CC2920041CA40 /* tickTock.mp3 */,
			);
			path = Sounds;
			sourceTree = "<group>";
		};
		A942281922030AA10026A11E /* Dertisch */ = {
			isa = PBXGroup;
			children = (
				A9422877220713FE0026A11E /* Customers */,
				A9422897220714AE0026A11E /* Entrees */,
				A942283522030AA10026A11E /* Kitchen */,
				A94228BE22071F940026A11E /* Salle */,
				A942289D220714AE0026A11E /* Utils */,
			);
			path = Dertisch;
			sourceTree = "<group>";
		};
		A942283522030AA10026A11E /* Kitchen */ = {
			isa = PBXGroup;
			children = (
				A942288D220714A30026A11E /* FoodDelivery.swift */,
				A942288A220714A30026A11E /* Freezer.swift */,
				A942288C220714A30026A11E /* HeadChef.swift */,
				A942288F220714A30026A11E /* Images.swift */,
				A942288E220714A30026A11E /* Ingredient.swift */,
				A9422889220714A30026A11E /* Larder.swift */,
				A942288B220714A30026A11E /* SousChef.swift */,
			);
			path = Kitchen;
			sourceTree = "<group>";
		};
		A942286E22070EFC0026A11E /* RestaurantTables */ = {
			isa = PBXGroup;
			children = (
				A942286F22070EFC0026A11E /* GameRestaurantTable.swift */,
				A942287022070EFC0026A11E /* IntroRestaurantTable.swift */,
				A942287122070EFC0026A11E /* LanguageRestaurantTable.swift */,
				A942287222070EFC0026A11E /* LevelsRestaurantTable.swift */,
			);
			path = RestaurantTables;
			sourceTree = "<group>";
		};
		A9422877220713FE0026A11E /* Customers */ = {
			isa = PBXGroup;
			children = (
				A9422878220713FE0026A11E /* Cells.swift */,
				A9422879220713FE0026A11E /* Customer.swift */,
				A942287A220713FE0026A11E /* PageCustomer.swift */,
				A942287B220713FE0026A11E /* RestaurantTable.swift */,
			);
			path = Customers;
			sourceTree = "<group>";
		};
		A9422897220714AE0026A11E /* Entrees */ = {
			isa = PBXGroup;
			children = (
				A9422899220714AE0026A11E /* FreezerSections.swift */,
				A942289C220714AE0026A11E /* InternalRelationship.swift */,
				A942289A220714AE0026A11E /* Orders.swift */,
				A942289B220714AE0026A11E /* RawIngredients.swift */,
				A9422898220714AE0026A11E /* StaffRelationship.swift */,
			);
			path = Entrees;
			sourceTree = "<group>";
		};
		A942289D220714AE0026A11E /* Utils */ = {
			isa = PBXGroup;
			children = (
				A942289E220714AE0026A11E /* Constraints.swift */,
				A942289F220714AE0026A11E /* Rota.swift */,
				A94228A0220714AE0026A11E /* Consts.swift */,
				A94228A1220714AE0026A11E /* Log.swift */,
				A94228A2220714AE0026A11E /* StringUtils.swift */,
				A94228A3220714AE0026A11E /* Time.swift */,
				A94228A4220714AE0026A11E /* Extensions.swift */,
				A94228A5220714AE0026A11E /* Protocols.swift */,
				A94228A6220714AE0026A11E /* Typealiases.swift */,
			);
			path = Utils;
			sourceTree = "<group>";
		};
		A94228BE22071F940026A11E /* Salle */ = {
			isa = PBXGroup;
			children = (
				A94228BF22071F940026A11E /* Sommelier.swift */,
				A94228C022071F940026A11E /* GeneralWaiter.swift */,
				A94228C122071F940026A11E /* Waiter.swift */,
				A94228C222071F940026A11E /* MaitreD.swift */,
			);
			path = Salle;
			sourceTree = "<group>";
		};
		A971CDC5215393EF00F4BB29 = {
			isa = PBXGroup;
			children = (
				A971CDD0215393EF00F4BB29 /* Cirk */,
				A971CDE5215393F100F4BB29 /* CirkTests */,
				A971CDCF215393EF00F4BB29 /* Products */,
				611B68A2C9C6AD827C45DEA7 /* Pods */,
				8C727604736A10F2C2AD0642 /* Frameworks */,
			);
			sourceTree = "<group>";
		};
		A971CDCF215393EF00F4BB29 /* Products */ = {
			isa = PBXGroup;
			children = (
				A971CDCE215393EF00F4BB29 /* Cirk.app */,
				A971CDE2215393F100F4BB29 /* CirkTests.xctest */,
			);
			name = Products;
			sourceTree = "<group>";
		};
		A971CDD0215393EF00F4BB29 /* Cirk */ = {
			isa = PBXGroup;
			children = (
				A9D5AEBC21A70542006EF751 /* Chefs */,
				A9776DD82153E3F700693C99 /* Customers */,
				A942281922030AA10026A11E /* Dertisch */,
				A9D5AEB321A6B994006EF751 /* Json */,
				A9776D7B2153962A00693C99 /* Misc */,
				A9D5AEB021A6B994006EF751 /* Nibs */,
				A942286E22070EFC0026A11E /* RestaurantTables */,
				A932AEDA2195D2DF00D4D3DC /* Sounds */,
				A9776DC62153B63C00693C99 /* Waiters */,
				A971CDD1215393EF00F4BB29 /* AppDelegate.swift */,
				A9D5AEAC21A6B97F006EF751 /* Main.storyboard */,
				A9D5AEAA21A6B97F006EF751 /* LaunchScreen.storyboard */,
				A9776D8E2153962A00693C99 /* CirkData.xcdatamodeld */,
				A9B011F621A467BA008212C7 /* Assets.xcassets */,
				A9776D8D2153962A00693C99 /* erasdust.ttf */,
				A971CDDD215393F100F4BB29 /* Info.plist */,
			);
			path = Cirk;
			sourceTree = "<group>";
		};
		A971CDE5215393F100F4BB29 /* CirkTests */ = {
			isa = PBXGroup;
			children = (
				A971CDE6215393F100F4BB29 /* CirkTests.swift */,
				A971CDE8215393F100F4BB29 /* Info.plist */,
			);
			path = CirkTests;
			sourceTree = "<group>";
		};
		A9776D7B2153962A00693C99 /* Misc */ = {
			isa = PBXGroup;
			children = (
				A9FBBF8621EF9BD0005BA6D4 /* BallbearingPlayer.swift */,
				A9776D802153962A00693C99 /* CircleRenderer.swift */,
				A9776D7C2153962A00693C99 /* CirkConsts.swift */,
				A9B011FA21A58BB1008212C7 /* LanguageEntrees.swift */,
				A9776D7E2153962A00693C99 /* LevelEntrees.swift */,
				A9CCBCE3217E1E19009F04DC /* CirkTypealiases.swift */,
			);
			path = Misc;
			sourceTree = "<group>";
		};
		A9776DC62153B63C00693C99 /* Waiters */ = {
			isa = PBXGroup;
			children = (
				A9776DC82153B63C00693C99 /* GameWaiter.swift */,
				A9B0120221A59019008212C7 /* LanguageWaiter.swift */,
				A9776DC92153B63C00693C99 /* LevelsWaiter.swift */,
				A942285B220310290026A11E /* MaitreDExtension.swift */,
			);
			path = Waiters;
			sourceTree = "<group>";
		};
		A9776DD82153E3F700693C99 /* Customers */ = {
			isa = PBXGroup;
			children = (
				A9776DDA2153E3F700693C99 /* GameCustomer.swift */,
				A9776DDD2153E3F700693C99 /* IntroCustomer.swift */,
				A9B011FE21A58D0A008212C7 /* LanguageCustomer.swift */,
				A9B011F821A58AC2008212C7 /* LanguageCustomerItem.swift */,
				A9776DDE2153E3F700693C99 /* LevelsCustomer.swift */,
				A9776DD92153E3F700693C99 /* LevelsCustomerItem.swift */,
			);
			path = Customers;
			sourceTree = "<group>";
		};
		A9D5AEB021A6B994006EF751 /* Nibs */ = {
			isa = PBXGroup;
			children = (
				A9D5AEB221A6B994006EF751 /* LanguageCell.xib */,
				A9D5AEB121A6B994006EF751 /* LevelsCell.xib */,
			);
			path = Nibs;
			sourceTree = "<group>";
		};
		A9D5AEB321A6B994006EF751 /* Json */ = {
			isa = PBXGroup;
			children = (
				A9D5AEB621A6B994006EF751 /* levels.json */,
				A9D5AEB421A6B994006EF751 /* settings.json */,
				A90335C921F07B56002B1450 /* text.json */,
			);
			path = Json;
			sourceTree = "<group>";
		};
		A9D5AEBC21A70542006EF751 /* Chefs */ = {
			isa = PBXGroup;
			children = (
				A9D5AEBF21A70542006EF751 /* CirkSousChef.swift */,
				A9D5AEBD21A70542006EF751 /* LevelsHeadChef.swift */,
				A9D5AEBE21A70542006EF751 /* GameHeadChef.swift */,
			);
			path = Chefs;
			sourceTree = "<group>";
		};
/* End PBXGroup section */

/* Begin PBXNativeTarget section */
		A971CDCD215393EF00F4BB29 /* Cirk */ = {
			isa = PBXNativeTarget;
			buildConfigurationList = A971CDEB215393F100F4BB29 /* Build configuration list for PBXNativeTarget "Cirk" */;
			buildPhases = (
				0D602A0B7B5DD7FD7A1E4BA9 /* [CP] Check Pods Manifest.lock */,
				A971CDCA215393EF00F4BB29 /* Sources */,
				A971CDCB215393EF00F4BB29 /* Frameworks */,
				A971CDCC215393EF00F4BB29 /* Resources */,
			);
			buildRules = (
			);
			dependencies = (
			);
			name = Cirk;
			productName = Cirk;
			productReference = A971CDCE215393EF00F4BB29 /* Cirk.app */;
			productType = "com.apple.product-type.application";
		};
		A971CDE1215393F100F4BB29 /* CirkTests */ = {
			isa = PBXNativeTarget;
			buildConfigurationList = A971CDEE215393F100F4BB29 /* Build configuration list for PBXNativeTarget "CirkTests" */;
			buildPhases = (
				A971CDDE215393F100F4BB29 /* Sources */,
				A971CDDF215393F100F4BB29 /* Frameworks */,
				A971CDE0215393F100F4BB29 /* Resources */,
			);
			buildRules = (
			);
			dependencies = (
				A971CDE4215393F100F4BB29 /* PBXTargetDependency */,
			);
			name = CirkTests;
			productName = CirkTests;
			productReference = A971CDE2215393F100F4BB29 /* CirkTests.xctest */;
			productType = "com.apple.product-type.bundle.unit-test";
		};
/* End PBXNativeTarget section */

/* Begin PBXProject section */
		A971CDC6215393EF00F4BB29 /* Project object */ = {
			isa = PBXProject;
			attributes = {
				LastSwiftUpdateCheck = 1000;
				LastUpgradeCheck = 1000;
				ORGANIZATIONNAME = "Rich Text Format Ltd.";
				TargetAttributes = {
					A971CDCD215393EF00F4BB29 = {
						CreatedOnToolsVersion = 10.0;
					};
					A971CDE1215393F100F4BB29 = {
						CreatedOnToolsVersion = 10.0;
						TestTargetID = A971CDCD215393EF00F4BB29;
					};
				};
			};
			buildConfigurationList = A971CDC9215393EF00F4BB29 /* Build configuration list for PBXProject "Cirk" */;
			compatibilityVersion = "Xcode 9.3";
			developmentRegion = en;
			hasScannedForEncodings = 0;
			knownRegions = (
				en,
				Base,
			);
			mainGroup = A971CDC5215393EF00F4BB29;
			productRefGroup = A971CDCF215393EF00F4BB29 /* Products */;
			projectDirPath = "";
			projectRoot = "";
			targets = (
				A971CDCD215393EF00F4BB29 /* Cirk */,
				A971CDE1215393F100F4BB29 /* CirkTests */,
			);
		};
/* End PBXProject section */

/* Begin PBXResourcesBuildPhase section */
		A971CDCC215393EF00F4BB29 /* Resources */ = {
			isa = PBXResourcesBuildPhase;
			buildActionMask = 2147483647;
			files = (
				A932AEF6219638D900D4D3DC /* beepShort.mp3 in Resources */,
				A932AEE72195F2ED00D4D3DC /* shwoosh.mp3 in Resources */,
				A98795CF219CC2920041CA40 /* tickTock.mp3 in Resources */,
				A90335CA21F07B56002B1450 /* text.json in Resources */,
				A9D5AEB921A6B994006EF751 /* settings.json in Resources */,
				A9D5AEB821A6B994006EF751 /* LanguageCell.xib in Resources */,
				A9D5AEAF21A6B97F006EF751 /* Main.storyboard in Resources */,
				A9D5AEBB21A6B994006EF751 /* levels.json in Resources */,
				A932AEE62195F2ED00D4D3DC /* punch.mp3 in Resources */,
				A932AEE82195F2ED00D4D3DC /* bambooWhoosh.mp3 in Resources */,
				A9776DA82153962A00693C99 /* erasdust.ttf in Resources */,
				A932AEDF2195D2E000D4D3DC /* ballbearingLoop.mp3 in Resources */,
				A932AEF5219638D900D4D3DC /* beepLong.mp3 in Resources */,
				A9B011F721A467BA008212C7 /* Assets.xcassets in Resources */,
				A9D5AEAE21A6B97F006EF751 /* LaunchScreen.storyboard in Resources */,
				A932AEEE2196032500D4D3DC /* electronicRunning.mp3 in Resources */,
				A9D5AEB721A6B994006EF751 /* LevelsCell.xib in Resources */,
			);
			runOnlyForDeploymentPostprocessing = 0;
		};
		A971CDE0215393F100F4BB29 /* Resources */ = {
			isa = PBXResourcesBuildPhase;
			buildActionMask = 2147483647;
			files = (
			);
			runOnlyForDeploymentPostprocessing = 0;
		};
/* End PBXResourcesBuildPhase section */

/* Begin PBXShellScriptBuildPhase section */
		0D602A0B7B5DD7FD7A1E4BA9 /* [CP] Check Pods Manifest.lock */ = {
			isa = PBXShellScriptBuildPhase;
			buildActionMask = 2147483647;
			files = (
			);
			inputFileListPaths = (
			);
			inputPaths = (
				"${PODS_PODFILE_DIR_PATH}/Podfile.lock",
				"${PODS_ROOT}/Manifest.lock",
			);
			name = "[CP] Check Pods Manifest.lock";
			outputFileListPaths = (
			);
			outputPaths = (
				"$(DERIVED_FILE_DIR)/Pods-Cirk-checkManifestLockResult.txt",
			);
			runOnlyForDeploymentPostprocessing = 0;
			shellPath = /bin/sh;
			shellScript = "diff \"${PODS_PODFILE_DIR_PATH}/Podfile.lock\" \"${PODS_ROOT}/Manifest.lock\" > /dev/null\nif [ $? != 0 ] ; then\n    # print error to STDERR\n    echo \"error: The sandbox is not in sync with the Podfile.lock. Run 'pod install' or update your CocoaPods installation.\" >&2\n    exit 1\nfi\n# This output is used by Xcode 'outputs' to avoid re-running this script phase.\necho \"SUCCESS\" > \"${SCRIPT_OUTPUT_FILE_0}\"\n";
			showEnvVarsInLog = 0;
		};
/* End PBXShellScriptBuildPhase section */

/* Begin PBXSourcesBuildPhase section */
		A971CDCA215393EF00F4BB29 /* Sources */ = {
			isa = PBXSourcesBuildPhase;
			buildActionMask = 2147483647;
			files = (
				A94228C422071F940026A11E /* GeneralWaiter.swift in Sources */,
				A94228AE220714AE0026A11E /* Consts.swift in Sources */,
				A9422890220714A30026A11E /* Larder.swift in Sources */,
				A9776DE42153E3F700693C99 /* LevelsCustomer.swift in Sources */,
				A942287622070EFC0026A11E /* LevelsRestaurantTable.swift in Sources */,
				A9776DE32153E3F700693C99 /* IntroCustomer.swift in Sources */,
				A94228B3220714AE0026A11E /* Protocols.swift in Sources */,
				A94228B0220714AE0026A11E /* StringUtils.swift in Sources */,
				A94228AB220714AE0026A11E /* InternalRelationship.swift in Sources */,
				A9776DA92153962A00693C99 /* CirkData.xcdatamodeld in Sources */,
				A942287422070EFC0026A11E /* IntroRestaurantTable.swift in Sources */,
				A9D5AEC221A70542006EF751 /* CirkSousChef.swift in Sources */,
				A9CCBCE4217E1E19009F04DC /* CirkTypealiases.swift in Sources */,
				A9B011F921A58AC2008212C7 /* LanguageCustomerItem.swift in Sources */,
				A94228C522071F940026A11E /* Waiter.swift in Sources */,
				A94228A7220714AE0026A11E /* StaffRelationship.swift in Sources */,
				A9B011FF21A58D0A008212C7 /* LanguageCustomer.swift in Sources */,
				A94228AA220714AE0026A11E /* RawIngredients.swift in Sources */,
				A9B0120321A59019008212C7 /* LanguageWaiter.swift in Sources */,
				A9776DDF2153E3F700693C99 /* LevelsCustomerItem.swift in Sources */,
				A9422895220714A30026A11E /* Ingredient.swift in Sources */,
				A942287522070EFC0026A11E /* LanguageRestaurantTable.swift in Sources */,
				A9422894220714A30026A11E /* FoodDelivery.swift in Sources */,
				A9776DD22153B63C00693C99 /* LevelsWaiter.swift in Sources */,
				A9422882220713FE0026A11E /* Customer.swift in Sources */,
				A9776D9D2153962A00693C99 /* CircleRenderer.swift in Sources */,
				A9422883220713FE0026A11E /* PageCustomer.swift in Sources */,
				A942285C220310290026A11E /* MaitreDExtension.swift in Sources */,
				A9422893220714A30026A11E /* HeadChef.swift in Sources */,
				A942287322070EFC0026A11E /* GameRestaurantTable.swift in Sources */,
				A9422892220714A30026A11E /* SousChef.swift in Sources */,
				A94228AF220714AE0026A11E /* Log.swift in Sources */,
				A94228A9220714AE0026A11E /* Orders.swift in Sources */,
				A9776DE02153E3F700693C99 /* GameCustomer.swift in Sources */,
				A9B011FB21A58BB1008212C7 /* LanguageEntrees.swift in Sources */,
				A94228A8220714AE0026A11E /* FreezerSections.swift in Sources */,
				A9D5AEC121A70542006EF751 /* GameHeadChef.swift in Sources */,
				A9FBBF8721EF9BD0005BA6D4 /* BallbearingPlayer.swift in Sources */,
				A94228C622071F940026A11E /* MaitreD.swift in Sources */,
				A971CDD2215393EF00F4BB29 /* AppDelegate.swift in Sources */,
				A94228B1220714AE0026A11E /* Time.swift in Sources */,
				A9422881220713FE0026A11E /* Cells.swift in Sources */,
				A9776D992153962A00693C99 /* CirkConsts.swift in Sources */,
				A94228AC220714AE0026A11E /* Constraints.swift in Sources */,
				A9D5AEC021A70542006EF751 /* LevelsHeadChef.swift in Sources */,
				A94228C322071F940026A11E /* Sommelier.swift in Sources */,
				A9422891220714A30026A11E /* Freezer.swift in Sources */,
				A9776DD12153B63C00693C99 /* GameWaiter.swift in Sources */,
				A94228B2220714AE0026A11E /* Extensions.swift in Sources */,
				A94228AD220714AE0026A11E /* Rota.swift in Sources */,
				A94228B4220714AE0026A11E /* Typealiases.swift in Sources */,
				A9422896220714A30026A11E /* Images.swift in Sources */,
				A9776D9B2153962A00693C99 /* LevelEntrees.swift in Sources */,
				A9422884220713FE0026A11E /* RestaurantTable.swift in Sources */,
			);
			runOnlyForDeploymentPostprocessing = 0;
		};
		A971CDDE215393F100F4BB29 /* Sources */ = {
			isa = PBXSourcesBuildPhase;
			buildActionMask = 2147483647;
			files = (
				A971CDE7215393F100F4BB29 /* CirkTests.swift in Sources */,
			);
			runOnlyForDeploymentPostprocessing = 0;
		};
/* End PBXSourcesBuildPhase section */

/* Begin PBXTargetDependency section */
		A971CDE4215393F100F4BB29 /* PBXTargetDependency */ = {
			isa = PBXTargetDependency;
			target = A971CDCD215393EF00F4BB29 /* Cirk */;
			targetProxy = A971CDE3215393F100F4BB29 /* PBXContainerItemProxy */;
		};
/* End PBXTargetDependency section */

/* Begin PBXVariantGroup section */
		A9D5AEAA21A6B97F006EF751 /* LaunchScreen.storyboard */ = {
			isa = PBXVariantGroup;
			children = (
				A9D5AEAB21A6B97F006EF751 /* Base */,
			);
			name = LaunchScreen.storyboard;
			sourceTree = "<group>";
		};
		A9D5AEAC21A6B97F006EF751 /* Main.storyboard */ = {
			isa = PBXVariantGroup;
			children = (
				A9D5AEAD21A6B97F006EF751 /* Base */,
			);
			name = Main.storyboard;
			sourceTree = "<group>";
		};
/* End PBXVariantGroup section */

/* Begin XCBuildConfiguration section */
		A971CDE9215393F100F4BB29 /* Debug */ = {
			isa = XCBuildConfiguration;
			buildSettings = {
				ALWAYS_SEARCH_USER_PATHS = NO;
				CLANG_ANALYZER_NONNULL = YES;
				CLANG_ANALYZER_NUMBER_OBJECT_CONVERSION = YES_AGGRESSIVE;
				CLANG_CXX_LANGUAGE_STANDARD = "gnu++14";
				CLANG_CXX_LIBRARY = "libc++";
				CLANG_ENABLE_MODULES = YES;
				CLANG_ENABLE_OBJC_ARC = YES;
				CLANG_ENABLE_OBJC_WEAK = YES;
				CLANG_WARN_BLOCK_CAPTURE_AUTORELEASING = YES;
				CLANG_WARN_BOOL_CONVERSION = YES;
				CLANG_WARN_COMMA = YES;
				CLANG_WARN_CONSTANT_CONVERSION = YES;
				CLANG_WARN_DEPRECATED_OBJC_IMPLEMENTATIONS = YES;
				CLANG_WARN_DIRECT_OBJC_ISA_USAGE = YES_ERROR;
				CLANG_WARN_DOCUMENTATION_COMMENTS = YES;
				CLANG_WARN_EMPTY_BODY = YES;
				CLANG_WARN_ENUM_CONVERSION = YES;
				CLANG_WARN_INFINITE_RECURSION = YES;
				CLANG_WARN_INT_CONVERSION = YES;
				CLANG_WARN_NON_LITERAL_NULL_CONVERSION = YES;
				CLANG_WARN_OBJC_IMPLICIT_RETAIN_SELF = YES;
				CLANG_WARN_OBJC_LITERAL_CONVERSION = YES;
				CLANG_WARN_OBJC_ROOT_CLASS = YES_ERROR;
				CLANG_WARN_RANGE_LOOP_ANALYSIS = YES;
				CLANG_WARN_STRICT_PROTOTYPES = YES;
				CLANG_WARN_SUSPICIOUS_MOVE = YES;
				CLANG_WARN_UNGUARDED_AVAILABILITY = YES_AGGRESSIVE;
				CLANG_WARN_UNREACHABLE_CODE = YES;
				CLANG_WARN__DUPLICATE_METHOD_MATCH = YES;
				CODE_SIGN_IDENTITY = "iPhone Developer";
				COPY_PHASE_STRIP = NO;
				DEBUG_INFORMATION_FORMAT = dwarf;
				ENABLE_STRICT_OBJC_MSGSEND = YES;
				ENABLE_TESTABILITY = YES;
				GCC_C_LANGUAGE_STANDARD = gnu11;
				GCC_DYNAMIC_NO_PIC = NO;
				GCC_NO_COMMON_BLOCKS = YES;
				GCC_OPTIMIZATION_LEVEL = 0;
				GCC_PREPROCESSOR_DEFINITIONS = (
					"DEBUG=1",
					"$(inherited)",
				);
				GCC_WARN_64_TO_32_BIT_CONVERSION = YES;
				GCC_WARN_ABOUT_RETURN_TYPE = YES_ERROR;
				GCC_WARN_UNDECLARED_SELECTOR = YES;
				GCC_WARN_UNINITIALIZED_AUTOS = YES_AGGRESSIVE;
				GCC_WARN_UNUSED_FUNCTION = YES;
				GCC_WARN_UNUSED_VARIABLE = YES;
				IPHONEOS_DEPLOYMENT_TARGET = 12.0;
				MTL_ENABLE_DEBUG_INFO = INCLUDE_SOURCE;
				MTL_FAST_MATH = YES;
				ONLY_ACTIVE_ARCH = YES;
				SDKROOT = iphoneos;
				SWIFT_ACTIVE_COMPILATION_CONDITIONS = DEBUG;
				SWIFT_OPTIMIZATION_LEVEL = "-Onone";
			};
			name = Debug;
		};
		A971CDEA215393F100F4BB29 /* Release */ = {
			isa = XCBuildConfiguration;
			buildSettings = {
				ALWAYS_SEARCH_USER_PATHS = NO;
				CLANG_ANALYZER_NONNULL = YES;
				CLANG_ANALYZER_NUMBER_OBJECT_CONVERSION = YES_AGGRESSIVE;
				CLANG_CXX_LANGUAGE_STANDARD = "gnu++14";
				CLANG_CXX_LIBRARY = "libc++";
				CLANG_ENABLE_MODULES = YES;
				CLANG_ENABLE_OBJC_ARC = YES;
				CLANG_ENABLE_OBJC_WEAK = YES;
				CLANG_WARN_BLOCK_CAPTURE_AUTORELEASING = YES;
				CLANG_WARN_BOOL_CONVERSION = YES;
				CLANG_WARN_COMMA = YES;
				CLANG_WARN_CONSTANT_CONVERSION = YES;
				CLANG_WARN_DEPRECATED_OBJC_IMPLEMENTATIONS = YES;
				CLANG_WARN_DIRECT_OBJC_ISA_USAGE = YES_ERROR;
				CLANG_WARN_DOCUMENTATION_COMMENTS = YES;
				CLANG_WARN_EMPTY_BODY = YES;
				CLANG_WARN_ENUM_CONVERSION = YES;
				CLANG_WARN_INFINITE_RECURSION = YES;
				CLANG_WARN_INT_CONVERSION = YES;
				CLANG_WARN_NON_LITERAL_NULL_CONVERSION = YES;
				CLANG_WARN_OBJC_IMPLICIT_RETAIN_SELF = YES;
				CLANG_WARN_OBJC_LITERAL_CONVERSION = YES;
				CLANG_WARN_OBJC_ROOT_CLASS = YES_ERROR;
				CLANG_WARN_RANGE_LOOP_ANALYSIS = YES;
				CLANG_WARN_STRICT_PROTOTYPES = YES;
				CLANG_WARN_SUSPICIOUS_MOVE = YES;
				CLANG_WARN_UNGUARDED_AVAILABILITY = YES_AGGRESSIVE;
				CLANG_WARN_UNREACHABLE_CODE = YES;
				CLANG_WARN__DUPLICATE_METHOD_MATCH = YES;
				CODE_SIGN_IDENTITY = "iPhone Developer";
				COPY_PHASE_STRIP = NO;
				DEBUG_INFORMATION_FORMAT = "dwarf-with-dsym";
				ENABLE_NS_ASSERTIONS = NO;
				ENABLE_STRICT_OBJC_MSGSEND = YES;
				GCC_C_LANGUAGE_STANDARD = gnu11;
				GCC_NO_COMMON_BLOCKS = YES;
				GCC_WARN_64_TO_32_BIT_CONVERSION = YES;
				GCC_WARN_ABOUT_RETURN_TYPE = YES_ERROR;
				GCC_WARN_UNDECLARED_SELECTOR = YES;
				GCC_WARN_UNINITIALIZED_AUTOS = YES_AGGRESSIVE;
				GCC_WARN_UNUSED_FUNCTION = YES;
				GCC_WARN_UNUSED_VARIABLE = YES;
				IPHONEOS_DEPLOYMENT_TARGET = 12.0;
				MTL_ENABLE_DEBUG_INFO = NO;
				MTL_FAST_MATH = YES;
				SDKROOT = iphoneos;
				SWIFT_COMPILATION_MODE = wholemodule;
				SWIFT_OPTIMIZATION_LEVEL = "-O";
				VALIDATE_PRODUCT = YES;
			};
			name = Release;
		};
		A971CDEC215393F100F4BB29 /* Debug */ = {
			isa = XCBuildConfiguration;
			baseConfigurationReference = 0D59B7CB221A59AF1A61E92E /* Pods-Cirk.debug.xcconfig */;
			buildSettings = {
				ASSETCATALOG_COMPILER_APPICON_NAME = AppIcon;
				CODE_SIGN_STYLE = Automatic;
				DEVELOPMENT_TEAM = DM7DWP6VN6;
				INFOPLIST_FILE = Cirk/Info.plist;
				LD_RUNPATH_SEARCH_PATHS = (
					"$(inherited)",
					"@executable_path/Frameworks",
				);
				PRODUCT_BUNDLE_IDENTIFIER = uk.co.josephbeuysmum.Cirk;
				PRODUCT_NAME = "$(TARGET_NAME)";
				SWIFT_VERSION = 4.2;
				TARGETED_DEVICE_FAMILY = "1,2";
			};
			name = Debug;
		};
		A971CDED215393F100F4BB29 /* Release */ = {
			isa = XCBuildConfiguration;
			baseConfigurationReference = C5168873EAB688564CC07E51 /* Pods-Cirk.release.xcconfig */;
			buildSettings = {
				ASSETCATALOG_COMPILER_APPICON_NAME = AppIcon;
				CODE_SIGN_STYLE = Automatic;
				DEVELOPMENT_TEAM = DM7DWP6VN6;
				INFOPLIST_FILE = Cirk/Info.plist;
				LD_RUNPATH_SEARCH_PATHS = (
					"$(inherited)",
					"@executable_path/Frameworks",
				);
				PRODUCT_BUNDLE_IDENTIFIER = uk.co.josephbeuysmum.Cirk;
				PRODUCT_NAME = "$(TARGET_NAME)";
				SWIFT_VERSION = 4.2;
				TARGETED_DEVICE_FAMILY = "1,2";
			};
			name = Release;
		};
		A971CDEF215393F100F4BB29 /* Debug */ = {
			isa = XCBuildConfiguration;
			buildSettings = {
				ALWAYS_EMBED_SWIFT_STANDARD_LIBRARIES = YES;
				BUNDLE_LOADER = "$(TEST_HOST)";
				CODE_SIGN_STYLE = Automatic;
				DEVELOPMENT_TEAM = DM7DWP6VN6;
				INFOPLIST_FILE = CirkTests/Info.plist;
				LD_RUNPATH_SEARCH_PATHS = (
					"$(inherited)",
					"@executable_path/Frameworks",
					"@loader_path/Frameworks",
				);
				PRODUCT_BUNDLE_IDENTIFIER = uk.co.josephbeuysmum.CirkTests;
				PRODUCT_NAME = "$(TARGET_NAME)";
				SWIFT_VERSION = 4.2;
				TARGETED_DEVICE_FAMILY = "1,2";
				TEST_HOST = "$(BUILT_PRODUCTS_DIR)/Cirk.app/Cirk";
			};
			name = Debug;
		};
		A971CDF0215393F100F4BB29 /* Release */ = {
			isa = XCBuildConfiguration;
			buildSettings = {
				ALWAYS_EMBED_SWIFT_STANDARD_LIBRARIES = YES;
				BUNDLE_LOADER = "$(TEST_HOST)";
				CODE_SIGN_STYLE = Automatic;
				DEVELOPMENT_TEAM = DM7DWP6VN6;
				INFOPLIST_FILE = CirkTests/Info.plist;
				LD_RUNPATH_SEARCH_PATHS = (
					"$(inherited)",
					"@executable_path/Frameworks",
					"@loader_path/Frameworks",
				);
				PRODUCT_BUNDLE_IDENTIFIER = uk.co.josephbeuysmum.CirkTests;
				PRODUCT_NAME = "$(TARGET_NAME)";
				SWIFT_VERSION = 4.2;
				TARGETED_DEVICE_FAMILY = "1,2";
				TEST_HOST = "$(BUILT_PRODUCTS_DIR)/Cirk.app/Cirk";
			};
			name = Release;
		};
/* End XCBuildConfiguration section */

/* Begin XCConfigurationList section */
		A971CDC9215393EF00F4BB29 /* Build configuration list for PBXProject "Cirk" */ = {
			isa = XCConfigurationList;
			buildConfigurations = (
				A971CDE9215393F100F4BB29 /* Debug */,
				A971CDEA215393F100F4BB29 /* Release */,
			);
			defaultConfigurationIsVisible = 0;
			defaultConfigurationName = Release;
		};
		A971CDEB215393F100F4BB29 /* Build configuration list for PBXNativeTarget "Cirk" */ = {
			isa = XCConfigurationList;
			buildConfigurations = (
				A971CDEC215393F100F4BB29 /* Debug */,
				A971CDED215393F100F4BB29 /* Release */,
			);
			defaultConfigurationIsVisible = 0;
			defaultConfigurationName = Release;
		};
		A971CDEE215393F100F4BB29 /* Build configuration list for PBXNativeTarget "CirkTests" */ = {
			isa = XCConfigurationList;
			buildConfigurations = (
				A971CDEF215393F100F4BB29 /* Debug */,
				A971CDF0215393F100F4BB29 /* Release */,
			);
			defaultConfigurationIsVisible = 0;
			defaultConfigurationName = Release;
		};
/* End XCConfigurationList section */

/* Begin XCVersionGroup section */
		A9776D8E2153962A00693C99 /* CirkData.xcdatamodeld */ = {
			isa = XCVersionGroup;
			children = (
				A9776D8F2153962A00693C99 /* CirkData.xcdatamodel */,
			);
			currentVersion = A9776D8F2153962A00693C99 /* CirkData.xcdatamodel */;
			path = CirkData.xcdatamodeld;
			sourceTree = "<group>";
			versionGroupType = wrapper.xcdatamodel;
		};
/* End XCVersionGroup section */
	};
	rootObject = A971CDC6215393EF00F4BB29 /* Project object */;
}
